// !$*UTF8*$!
{
	archiveVersion = 1;
	classes = {
	};
	objectVersion = 55;
	objects = {

/* Begin PBXBuildFile section */
		5BAEEABA2BFE3D4C0003BAEF /* AppDelegate.swift in Sources */ = {isa = PBXBuildFile; fileRef = 5BAEEAB92BFE3D4C0003BAEF /* AppDelegate.swift */; };
		5BAEEABC2BFE3D4C0003BAEF /* SceneDelegate.swift in Sources */ = {isa = PBXBuildFile; fileRef = 5BAEEABB2BFE3D4C0003BAEF /* SceneDelegate.swift */; };
		5BAEEABE2BFE3D4C0003BAEF /* ViewController.swift in Sources */ = {isa = PBXBuildFile; fileRef = 5BAEEABD2BFE3D4C0003BAEF /* ViewController.swift */; };
		5BAEEAC12BFE3D4C0003BAEF /* Main.storyboard in Resources */ = {isa = PBXBuildFile; fileRef = 5BAEEABF2BFE3D4C0003BAEF /* Main.storyboard */; };
		5BAEEAC42BFE3D4C0003BAEF /* HuacacSoundBoard.xcdatamodeld in Sources */ = {isa = PBXBuildFile; fileRef = 5BAEEAC22BFE3D4C0003BAEF /* HuacacSoundBoard.xcdatamodeld */; };
		5BAEEAC62BFE3D4D0003BAEF /* Assets.xcassets in Resources */ = {isa = PBXBuildFile; fileRef = 5BAEEAC52BFE3D4D0003BAEF /* Assets.xcassets */; };
		5BAEEAC92BFE3D4D0003BAEF /* LaunchScreen.storyboard in Resources */ = {isa = PBXBuildFile; fileRef = 5BAEEAC72BFE3D4D0003BAEF /* LaunchScreen.storyboard */; };
/* End PBXBuildFile section */

/* Begin PBXFileReference section */
		5BAEEAB62BFE3D4C0003BAEF /* HuacacSoundBoard.app */ = {isa = PBXFileReference; explicitFileType = wrapper.application; includeInIndex = 0; path = HuacacSoundBoard.app; sourceTree = BUILT_PRODUCTS_DIR; };
		5BAEEAB92BFE3D4C0003BAEF /* AppDelegate.swift */ = {isa = PBXFileReference; lastKnownFileType = sourcecode.swift; path = AppDelegate.swift; sourceTree = "<group>"; };
		5BAEEABB2BFE3D4C0003BAEF /* SceneDelegate.swift */ = {isa = PBXFileReference; lastKnownFileType = sourcecode.swift; path = SceneDelegate.swift; sourceTree = "<group>"; };
		5BAEEABD2BFE3D4C0003BAEF /* ViewController.swift */ = {isa = PBXFileReference; lastKnownFileType = sourcecode.swift; path = ViewController.swift; sourceTree = "<group>"; };
		5BAEEAC02BFE3D4C0003BAEF /* Base */ = {isa = PBXFileReference; lastKnownFileType = file.storyboard; name = Base; path = Base.lproj/Main.storyboard; sourceTree = "<group>"; };
		5BAEEAC32BFE3D4C0003BAEF /* HuacacSoundBoard.xcdatamodel */ = {isa = PBXFileReference; lastKnownFileType = wrapper.xcdatamodel; path = HuacacSoundBoard.xcdatamodel; sourceTree = "<group>"; };
		5BAEEAC52BFE3D4D0003BAEF /* Assets.xcassets */ = {isa = PBXFileReference; lastKnownFileType = folder.assetcatalog; path = Assets.xcassets; sourceTree = "<group>"; };
		5BAEEAC82BFE3D4D0003BAEF /* Base */ = {isa = PBXFileReference; lastKnownFileType = file.storyboard; name = Base; path = Base.lproj/LaunchScreen.storyboard; sourceTree = "<group>"; };
		5BAEEACA2BFE3D4D0003BAEF /* Info.plist */ = {isa = PBXFileReference; lastKnownFileType = text.plist.xml; path = Info.plist; sourceTree = "<group>"; };
/* End PBXFileReference section */

/* Begin PBXFrameworksBuildPhase section */
		5BAEEAB32BFE3D4C0003BAEF /* Frameworks */ = {
			isa = PBXFrameworksBuildPhase;
			buildActionMask = 2147483647;
			files = (
			);
			runOnlyForDeploymentPostprocessing = 0;
		};
/* End PBXFrameworksBuildPhase section */

/* Begin PBXGroup section */
		5BAEEAAD2BFE3D4C0003BAEF = {
			isa = PBXGroup;
			children = (
				5BAEEAB82BFE3D4C0003BAEF /* HuacacSoundBoard */,
				5BAEEAB72BFE3D4C0003BAEF /* Products */,
			);
			sourceTree = "<group>";
		};
		5BAEEAB72BFE3D4C0003BAEF /* Products */ = {
			isa = PBXGroup;
			children = (
				5BAEEAB62BFE3D4C0003BAEF /* HuacacSoundBoard.app */,
			);
			name = Products;
			sourceTree = "<group>";
		};
		5BAEEAB82BFE3D4C0003BAEF /* HuacacSoundBoard */ = {
			isa = PBXGroup;
			children = (
				5BAEEAB92BFE3D4C0003BAEF /* AppDelegate.swift */,
				5BAEEABB2BFE3D4C0003BAEF /* SceneDelegate.swift */,
				5BAEEABD2BFE3D4C0003BAEF /* ViewController.swift */,
				5BAEEABF2BFE3D4C0003BAEF /* Main.storyboard */,
				5BAEEAC52BFE3D4D0003BAEF /* Assets.xcassets */,
				5BAEEAC72BFE3D4D0003BAEF /* LaunchScreen.storyboard */,
				5BAEEACA2BFE3D4D0003BAEF /* Info.plist */,
				5BAEEAC22BFE3D4C0003BAEF /* HuacacSoundBoard.xcdatamodeld */,
			);
			path = HuacacSoundBoard;
			sourceTree = "<group>";
		};
/* End PBXGroup section */

/* Begin PBXNativeTarget section */
		5BAEEAB52BFE3D4C0003BAEF /* HuacacSoundBoard */ = {
			isa = PBXNativeTarget;
			buildConfigurationList = 5BAEEACD2BFE3D4D0003BAEF /* Build configuration list for PBXNativeTarget "HuacacSoundBoard" */;
			buildPhases = (
				5BAEEAB22BFE3D4C0003BAEF /* Sources */,
				5BAEEAB32BFE3D4C0003BAEF /* Frameworks */,
				5BAEEAB42BFE3D4C0003BAEF /* Resources */,
			);
			buildRules = (
			);
			dependencies = (
			);
			name = HuacacSoundBoard;
			productName = HuacacSoundBoard;
			productReference = 5BAEEAB62BFE3D4C0003BAEF /* HuacacSoundBoard.app */;
			productType = "com.apple.product-type.application";
		};
/* End PBXNativeTarget section */

/* Begin PBXProject section */
		5BAEEAAE2BFE3D4C0003BAEF /* Project object */ = {
			isa = PBXProject;
			attributes = {
				BuildIndependentTargetsInParallel = 1;
				LastSwiftUpdateCheck = 1340;
				LastUpgradeCheck = 1340;
				TargetAttributes = {
					5BAEEAB52BFE3D4C0003BAEF = {
						CreatedOnToolsVersion = 13.4.1;
					};
				};
			};
			buildConfigurationList = 5BAEEAB12BFE3D4C0003BAEF /* Build configuration list for PBXProject "HuacacSoundBoard" */;
			compatibilityVersion = "Xcode 13.0";
			developmentRegion = en;
			hasScannedForEncodings = 0;
			knownRegions = (
				en,
				Base,
			);
			mainGroup = 5BAEEAAD2BFE3D4C0003BAEF;
			productRefGroup = 5BAEEAB72BFE3D4C0003BAEF /* Products */;
			projectDirPath = "";
			projectRoot = "";
			targets = (
				5BAEEAB52BFE3D4C0003BAEF /* HuacacSoundBoard */,
			);
		};
/* End PBXProject section */

/* Begin PBXResourcesBuildPhase section */
		5BAEEAB42BFE3D4C0003BAEF /* Resources */ = {
			isa = PBXResourcesBuildPhase;
			buildActionMask = 2147483647;
			files = (
				5BAEEAC92BFE3D4D0003BAEF /* LaunchScreen.storyboard in Resources */,
				5BAEEAC62BFE3D4D0003BAEF /* Assets.xcassets in Resources */,
				5BAEEAC12BFE3D4C0003BAEF /* Main.storyboard in Resources */,
			);
			runOnlyForDeploymentPostprocessing = 0;
		};
/* End PBXResourcesBuildPhase section */

/* Begin PBXSourcesBuildPhase section */
		5BAEEAB22BFE3D4C0003BAEF /* Sources */ = {
			isa = PBXSourcesBuildPhase;
			buildActionMask = 2147483647;
			files = (
				5BAEEABE2BFE3D4C0003BAEF /* ViewController.swift in Sources */,
				5BAEEABA2BFE3D4C0003BAEF /* AppDelegate.swift in Sources */,
				5BAEEABC2BFE3D4C0003BAEF /* SceneDelegate.swift in Sources */,
				5BAEEAC42BFE3D4C0003BAEF /* HuacacSoundBoard.xcdatamodeld in Sources */,
			);
			runOnlyForDeploymentPostprocessing = 0;
		};
/* End PBXSourcesBuildPhase section */

/* Begin PBXVariantGroup section */
		5BAEEABF2BFE3D4C0003BAEF /* Main.storyboard */ = {
			isa = PBXVariantGroup;
			children = (
				5BAEEAC02BFE3D4C0003BAEF /* Base */,
			);
			name = Main.storyboard;
			sourceTree = "<group>";
		};
		5BAEEAC72BFE3D4D0003BAEF /* LaunchScreen.storyboard */ = {
			isa = PBXVariantGroup;
			children = (
				5BAEEAC82BFE3D4D0003BAEF /* Base */,
			);
			name = LaunchScreen.storyboard;
			sourceTree = "<group>";
		};
/* End PBXVariantGroup section */

/* Begin XCBuildConfiguration section */
		5BAEEACB2BFE3D4D0003BAEF /* Debug */ = {
			isa = XCBuildConfiguration;
			buildSettings = {
				ALWAYS_SEARCH_USER_PATHS = NO;
				CLANG_ANALYZER_NONNULL = YES;
				CLANG_ANALYZER_NUMBER_OBJECT_CONVERSION = YES_AGGRESSIVE;
				CLANG_CXX_LANGUAGE_STANDARD = "gnu++17";
				CLANG_ENABLE_MODULES = YES;
				CLANG_ENABLE_OBJC_ARC = YES;
				CLANG_ENABLE_OBJC_WEAK = YES;
				CLANG_WARN_BLOCK_CAPTURE_AUTORELEASING = YES;
				CLANG_WARN_BOOL_CONVERSION = YES;
				CLANG_WARN_COMMA = YES;
				CLANG_WARN_CONSTANT_CONVERSION = YES;
				CLANG_WARN_DEPRECATED_OBJC_IMPLEMENTATIONS = YES;
				CLANG_WARN_DIRECT_OBJC_ISA_USAGE = YES_ERROR;
				CLANG_WARN_DOCUMENTATION_COMMENTS = YES;
				CLANG_WARN_EMPTY_BODY = YES;
				CLANG_WARN_ENUM_CONVERSION = YES;
				CLANG_WARN_INFINITE_RECURSION = YES;
				CLANG_WARN_INT_CONVERSION = YES;
				CLANG_WARN_NON_LITERAL_NULL_CONVERSION = YES;
				CLANG_WARN_OBJC_IMPLICIT_RETAIN_SELF = YES;
				CLANG_WARN_OBJC_LITERAL_CONVERSION = YES;
				CLANG_WARN_OBJC_ROOT_CLASS = YES_ERROR;
				CLANG_WARN_QUOTED_INCLUDE_IN_FRAMEWORK_HEADER = YES;
				CLANG_WARN_RANGE_LOOP_ANALYSIS = YES;
				CLANG_WARN_STRICT_PROTOTYPES = YES;
				CLANG_WARN_SUSPICIOUS_MOVE = YES;
				CLANG_WARN_UNGUARDED_AVAILABILITY = YES_AGGRESSIVE;
				CLANG_WARN_UNREACHABLE_CODE = YES;
				CLANG_WARN__DUPLICATE_METHOD_MATCH = YES;
				COPY_PHASE_STRIP = NO;
				DEBUG_INFORMATION_FORMAT = dwarf;
				ENABLE_STRICT_OBJC_MSGSEND = YES;
				ENABLE_TESTABILITY = YES;
				GCC_C_LANGUAGE_STANDARD = gnu11;
				GCC_DYNAMIC_NO_PIC = NO;
				GCC_NO_COMMON_BLOCKS = YES;
				GCC_OPTIMIZATION_LEVEL = 0;
				GCC_PREPROCESSOR_DEFINITIONS = (
					"DEBUG=1",
					"$(inherited)",
				);
				GCC_WARN_64_TO_32_BIT_CONVERSION = YES;
				GCC_WARN_ABOUT_RETURN_TYPE = YES_ERROR;
				GCC_WARN_UNDECLARED_SELECTOR = YES;
				GCC_WARN_UNINITIALIZED_AUTOS = YES_AGGRESSIVE;
				GCC_WARN_UNUSED_FUNCTION = YES;
				GCC_WARN_UNUSED_VARIABLE = YES;
				IPHONEOS_DEPLOYMENT_TARGET = 15.5;
				MTL_ENABLE_DEBUG_INFO = INCLUDE_SOURCE;
				MTL_FAST_MATH = YES;
				ONLY_ACTIVE_ARCH = YES;
				SDKROOT = iphoneos;
				SWIFT_ACTIVE_COMPILATION_CONDITIONS = DEBUG;
				SWIFT_OPTIMIZATION_LEVEL = "-Onone";
			};
			name = Debug;
		};
		5BAEEACC2BFE3D4D0003BAEF /* Release */ = {
			isa = XCBuildConfiguration;
			buildSettings = {
				ALWAYS_SEARCH_USER_PATHS = NO;
				CLANG_ANALYZER_NONNULL = YES;
				CLANG_ANALYZER_NUMBER_OBJECT_CONVERSION = YES_AGGRESSIVE;
				CLANG_CXX_LANGUAGE_STANDARD = "gnu++17";
				CLANG_ENABLE_MODULES = YES;
				CLANG_ENABLE_OBJC_ARC = YES;
				CLANG_ENABLE_OBJC_WEAK = YES;
				CLANG_WARN_BLOCK_CAPTURE_AUTORELEASING = YES;
				CLANG_WARN_BOOL_CONVERSION = YES;
				CLANG_WARN_COMMA = YES;
				CLANG_WARN_CONSTANT_CONVERSION = YES;
				CLANG_WARN_DEPRECATED_OBJC_IMPLEMENTATIONS = YES;
				CLANG_WARN_DIRECT_OBJC_ISA_USAGE = YES_ERROR;
				CLANG_WARN_DOCUMENTATION_COMMENTS = YES;
				CLANG_WARN_EMPTY_BODY = YES;
				CLANG_WARN_ENUM_CONVERSION = YES;
				CLANG_WARN_INFINITE_RECURSION = YES;
				CLANG_WARN_INT_CONVERSION = YES;
				CLANG_WARN_NON_LITERAL_NULL_CONVERSION = YES;
				CLANG_WARN_OBJC_IMPLICIT_RETAIN_SELF = YES;
				CLANG_WARN_OBJC_LITERAL_CONVERSION = YES;
				CLANG_WARN_OBJC_ROOT_CLASS = YES_ERROR;
				CLANG_WARN_QUOTED_INCLUDE_IN_FRAMEWORK_HEADER = YES;
				CLANG_WARN_RANGE_LOOP_ANALYSIS = YES;
				CLANG_WARN_STRICT_PROTOTYPES = YES;
				CLANG_WARN_SUSPICIOUS_MOVE = YES;
				CLANG_WARN_UNGUARDED_AVAILABILITY = YES_AGGRESSIVE;
				CLANG_WARN_UNREACHABLE_CODE = YES;
				CLANG_WARN__DUPLICATE_METHOD_MATCH = YES;
				COPY_PHASE_STRIP = NO;
				DEBUG_INFORMATION_FORMAT = "dwarf-with-dsym";
				ENABLE_NS_ASSERTIONS = NO;
				ENABLE_STRICT_OBJC_MSGSEND = YES;
				GCC_C_LANGUAGE_STANDARD = gnu11;
				GCC_NO_COMMON_BLOCKS = YES;
				GCC_WARN_64_TO_32_BIT_CONVERSION = YES;
				GCC_WARN_ABOUT_RETURN_TYPE = YES_ERROR;
				GCC_WARN_UNDECLARED_SELECTOR = YES;
				GCC_WARN_UNINITIALIZED_AUTOS = YES_AGGRESSIVE;
				GCC_WARN_UNUSED_FUNCTION = YES;
				GCC_WARN_UNUSED_VARIABLE = YES;
				IPHONEOS_DEPLOYMENT_TARGET = 15.5;
				MTL_ENABLE_DEBUG_INFO = NO;
				MTL_FAST_MATH = YES;
				SDKROOT = iphoneos;
				SWIFT_COMPILATION_MODE = wholemodule;
				SWIFT_OPTIMIZATION_LEVEL = "-O";
				VALIDATE_PRODUCT = YES;
			};
			name = Release;
		};
		5BAEEACE2BFE3D4D0003BAEF /* Debug */ = {
			isa = XCBuildConfiguration;
			buildSettings = {
				ASSETCATALOG_COMPILER_APPICON_NAME = AppIcon;
				ASSETCATALOG_COMPILER_GLOBAL_ACCENT_COLOR_NAME = AccentColor;
				CODE_SIGN_STYLE = Automatic;
				CURRENT_PROJECT_VERSION = 1;
				GENERATE_INFOPLIST_FILE = YES;
				INFOPLIST_FILE = HuacacSoundBoard/Info.plist;
				INFOPLIST_KEY_UIApplicationSupportsIndirectInputEvents = YES;
				INFOPLIST_KEY_UILaunchStoryboardName = LaunchScreen;
				INFOPLIST_KEY_UIMainStoryboardFile = Main;
				INFOPLIST_KEY_UISupportedInterfaceOrientations_iPad = "UIInterfaceOrientationPortrait UIInterfaceOrientationPortraitUpsideDown UIInterfaceOrientationLandscapeLeft UIInterfaceOrientationLandscapeRight";
				INFOPLIST_KEY_UISupportedInterfaceOrientations_iPhone = "UIInterfaceOrientationPortrait UIInterfaceOrientationLandscapeLeft UIInterfaceOrientationLandscapeRight";
				LD_RUNPATH_SEARCH_PATHS = (
					"$(inherited)",
					"@executable_path/Frameworks",
				);
				MARKETING_VERSION = 1.0;
				PRODUCT_BUNDLE_IDENTIFIER = deah.com.HuacacSoundBoard;
				PRODUCT_NAME = "$(TARGET_NAME)";
				SWIFT_EMIT_LOC_STRINGS = YES;
				SWIFT_VERSION = 5.0;
				TARGETED_DEVICE_FAMILY = "1,2";
			};
			name = Debug;
		};
		5BAEEACF2BFE3D4D0003BAEF /* Release */ = {
			isa = XCBuildConfiguration;
			buildSettings = {
				ASSETCATALOG_COMPILER_APPICON_NAME = AppIcon;
				ASSETCATALOG_COMPILER_GLOBAL_ACCENT_COLOR_NAME = AccentColor;
				CODE_SIGN_STYLE = Automatic;
				CURRENT_PROJECT_VERSION = 1;
				GENERATE_INFOPLIST_FILE = YES;
				INFOPLIST_FILE = HuacacSoundBoard/Info.plist;
				INFOPLIST_KEY_UIApplicationSupportsIndirectInputEvents = YES;
				INFOPLIST_KEY_UILaunchStoryboardName = LaunchScreen;
				INFOPLIST_KEY_UIMainStoryboardFile = Main;
				INFOPLIST_KEY_UISupportedInterfaceOrientations_iPad = "UIInterfaceOrientationPortrait UIInterfaceOrientationPortraitUpsideDown UIInterfaceOrientationLandscapeLeft UIInterfaceOrientationLandscapeRight";
				INFOPLIST_KEY_UISupportedInterfaceOrientations_iPhone = "UIInterfaceOrientationPortrait UIInterfaceOrientationLandscapeLeft UIInterfaceOrientationLandscapeRight";
				LD_RUNPATH_SEARCH_PATHS = (
					"$(inherited)",
					"@executable_path/Frameworks",
				);
				MARKETING_VERSION = 1.0;
				PRODUCT_BUNDLE_IDENTIFIER = deah.com.HuacacSoundBoard;
				PRODUCT_NAME = "$(TARGET_NAME)";
				SWIFT_EMIT_LOC_STRINGS = YES;
				SWIFT_VERSION = 5.0;
				TARGETED_DEVICE_FAMILY = "1,2";
			};
			name = Release;
		};
/* End XCBuildConfiguration section */

/* Begin XCConfigurationList section */
		5BAEEAB12BFE3D4C0003BAEF /* Build configuration list for PBXProject "HuacacSoundBoard" */ = {
			isa = XCConfigurationList;
			buildConfigurations = (
				5BAEEACB2BFE3D4D0003BAEF /* Debug */,
				5BAEEACC2BFE3D4D0003BAEF /* Release */,
			);
			defaultConfigurationIsVisible = 0;
			defaultConfigurationName = Release;
		};
		5BAEEACD2BFE3D4D0003BAEF /* Build configuration list for PBXNativeTarget "HuacacSoundBoard" */ = {
			isa = XCConfigurationList;
			buildConfigurations = (
				5BAEEACE2BFE3D4D0003BAEF /* Debug */,
				5BAEEACF2BFE3D4D0003BAEF /* Release */,
			);
			defaultConfigurationIsVisible = 0;
			defaultConfigurationName = Release;
		};
/* End XCConfigurationList section */

/* Begin XCVersionGroup section */
		5BAEEAC22BFE3D4C0003BAEF /* HuacacSoundBoard.xcdatamodeld */ = {
			isa = XCVersionGroup;
			children = (
				5BAEEAC32BFE3D4C0003BAEF /* HuacacSoundBoard.xcdatamodel */,
			);
			currentVersion = 5BAEEAC32BFE3D4C0003BAEF /* HuacacSoundBoard.xcdatamodel */;
			path = HuacacSoundBoard.xcdatamodeld;
			sourceTree = "<group>";
			versionGroupType = wrapper.xcdatamodel;
		};
/* End XCVersionGroup section */
	};
	rootObject = 5BAEEAAE2BFE3D4C0003BAEF /* Project object */;
}
